
Microsoft Visual Studio Solution File, Format Version 12.00
# Visual Studio 15
VisualStudioVersion = 15.0.28010.2016
MinimumVisualStudioVersion = 10.0.40219.1
Project("{FAE04EC0-301F-11D3-BF4B-00C04F79EFBC}") = "FacebookLogin.Android", "FacebookLogin\FacebookLogin.Android\FacebookLogin.Android.csproj", "{58D78AD4-C436-42F8-86E5-DA35152670DA}"
EndProject
Project("{FAE04EC0-301F-11D3-BF4B-00C04F79EFBC}") = "FacebookLogin.iOS", "FacebookLogin\FacebookLogin.iOS\FacebookLogin.iOS.csproj", "{C92267AE-7047-4861-8CF5-46296CB26802}"
EndProject
Project("{FAE04EC0-301F-11D3-BF4B-00C04F79EFBC}") = "FacebookLogin", "FacebookLogin\FacebookLogin\FacebookLogin.csproj", "{1B78113F-A880-496F-84CA-B355E86DE890}"
EndProject
Global
	GlobalSection(SolutionConfigurationPlatforms) = preSolution
		Ad-Hoc|Any CPU = Ad-Hoc|Any CPU
		Ad-Hoc|iPhone = Ad-Hoc|iPhone
		Ad-Hoc|iPhoneSimulator = Ad-Hoc|iPhoneSimulator
		AppStore|Any CPU = AppStore|Any CPU
		AppStore|iPhone = AppStore|iPhone
		AppStore|iPhoneSimulator = AppStore|iPhoneSimulator
		Debug|Any CPU = Debug|Any CPU
		Debug|iPhone = Debug|iPhone
		Debug|iPhoneSimulator = Debug|iPhoneSimulator
		Release|Any CPU = Release|Any CPU
		Release|iPhone = Release|iPhone
		Release|iPhoneSimulator = Release|iPhoneSimulator
	EndGlobalSection
	GlobalSection(ProjectConfigurationPlatforms) = postSolution
		{58D78AD4-C436-42F8-86E5-DA35152670DA}.Ad-Hoc|Any CPU.ActiveCfg = Release|Any CPU
		{58D78AD4-C436-42F8-86E5-DA35152670DA}.Ad-Hoc|Any CPU.Build.0 = Release|Any CPU
		{58D78AD4-C436-42F8-86E5-DA35152670DA}.Ad-Hoc|Any CPU.Deploy.0 = Release|Any CPU
		{58D78AD4-C436-42F8-86E5-DA35152670DA}.Ad-Hoc|iPhone.ActiveCfg = Release|Any CPU
		{58D78AD4-C436-42F8-86E5-DA35152670DA}.Ad-Hoc|iPhone.Build.0 = Release|Any CPU
		{58D78AD4-C436-42F8-86E5-DA35152670DA}.Ad-Hoc|iPhone.Deploy.0 = Release|Any CPU
		{58D78AD4-C436-42F8-86E5-DA35152670DA}.Ad-Hoc|iPhoneSimulator.ActiveCfg = Release|Any CPU
		{58D78AD4-C436-42F8-86E5-DA35152670DA}.Ad-Hoc|iPhoneSimulator.Build.0 = Release|Any CPU
		{58D78AD4-C436-42F8-86E5-DA35152670DA}.Ad-Hoc|iPhoneSimulator.Deploy.0 = Release|Any CPU
		{58D78AD4-C436-42F8-86E5-DA35152670DA}.AppStore|Any CPU.ActiveCfg = Release|Any CPU
		{58D78AD4-C436-42F8-86E5-DA35152670DA}.AppStore|Any CPU.Build.0 = Release|Any CPU
		{58D78AD4-C436-42F8-86E5-DA35152670DA}.AppStore|Any CPU.Deploy.0 = Release|Any CPU
		{58D78AD4-C436-42F8-86E5-DA35152670DA}.AppStore|iPhone.ActiveCfg = Release|Any CPU
		{58D78AD4-C436-42F8-86E5-DA35152670DA}.AppStore|iPhone.Build.0 = Release|Any CPU
		{58D78AD4-C436-42F8-86E5-DA35152670DA}.AppStore|iPhone.Deploy.0 = Release|Any CPU
		{58D78AD4-C436-42F8-86E5-DA35152670DA}.AppStore|iPhoneSimulator.ActiveCfg = Release|Any CPU
		{58D78AD4-C436-42F8-86E5-DA35152670DA}.AppStore|iPhoneSimulator.Build.0 = Release|Any CPU
		{58D78AD4-C436-42F8-86E5-DA35152670DA}.AppStore|iPhoneSimulator.Deploy.0 = Release|Any CPU
		{58D78AD4-C436-42F8-86E5-DA35152670DA}.Debug|Any CPU.ActiveCfg = Debug|Any CPU
		{58D78AD4-C436-42F8-86E5-DA35152670DA}.Debug|Any CPU.Build.0 = Debug|Any CPU
		{58D78AD4-C436-42F8-86E5-DA35152670DA}.Debug|Any CPU.Deploy.0 = Debug|Any CPU
		{58D78AD4-C436-42F8-86E5-DA35152670DA}.Debug|iPhone.ActiveCfg = Debug|Any CPU
		{58D78AD4-C436-42F8-86E5-DA35152670DA}.Debug|iPhone.Build.0 = Debug|Any CPU
		{58D78AD4-C436-42F8-86E5-DA35152670DA}.Debug|iPhone.Deploy.0 = Debug|Any CPU
		{58D78AD4-C436-42F8-86E5-DA35152670DA}.Debug|iPhoneSimulator.ActiveCfg = Debug|Any CPU
		{58D78AD4-C436-42F8-86E5-DA35152670DA}.Debug|iPhoneSimulator.Build.0 = Debug|Any CPU
		{58D78AD4-C436-42F8-86E5-DA35152670DA}.Debug|iPhoneSimulator.Deploy.0 = Debug|Any CPU
		{58D78AD4-C436-42F8-86E5-DA35152670DA}.Release|Any CPU.ActiveCfg = Release|Any CPU
		{58D78AD4-C436-42F8-86E5-DA35152670DA}.Release|Any CPU.Build.0 = Release|Any CPU
		{58D78AD4-C436-42F8-86E5-DA35152670DA}.Release|Any CPU.Deploy.0 = Release|Any CPU
		{58D78AD4-C436-42F8-86E5-DA35152670DA}.Release|iPhone.ActiveCfg = Release|Any CPU
		{58D78AD4-C436-42F8-86E5-DA35152670DA}.Release|iPhone.Build.0 = Release|Any CPU
		{58D78AD4-C436-42F8-86E5-DA35152670DA}.Release|iPhone.Deploy.0 = Release|Any CPU
		{58D78AD4-C436-42F8-86E5-DA35152670DA}.Release|iPhoneSimulator.ActiveCfg = Release|Any CPU
		{58D78AD4-C436-42F8-86E5-DA35152670DA}.Release|iPhoneSimulator.Build.0 = Release|Any CPU
		{58D78AD4-C436-42F8-86E5-DA35152670DA}.Release|iPhoneSimulator.Deploy.0 = Release|Any CPU
		{C92267AE-7047-4861-8CF5-46296CB26802}.Ad-Hoc|Any CPU.ActiveCfg = Ad-Hoc|iPhone
		{C92267AE-7047-4861-8CF5-46296CB26802}.Ad-Hoc|Any CPU.Build.0 = Ad-Hoc|iPhone
		{C92267AE-7047-4861-8CF5-46296CB26802}.Ad-Hoc|Any CPU.Deploy.0 = Ad-Hoc|iPhone
		{C92267AE-7047-4861-8CF5-46296CB26802}.Ad-Hoc|iPhone.ActiveCfg = Ad-Hoc|iPhone
		{C92267AE-7047-4861-8CF5-46296CB26802}.Ad-Hoc|iPhone.Build.0 = Ad-Hoc|iPhone
		{C92267AE-7047-4861-8CF5-46296CB26802}.Ad-Hoc|iPhone.Deploy.0 = Ad-Hoc|iPhone
		{C92267AE-7047-4861-8CF5-46296CB26802}.Ad-Hoc|iPhoneSimulator.ActiveCfg = Ad-Hoc|iPhoneSimulator
		{C92267AE-7047-4861-8CF5-46296CB26802}.Ad-Hoc|iPhoneSimulator.Build.0 = Ad-Hoc|iPhoneSimulator
		{C92267AE-7047-4861-8CF5-46296CB26802}.Ad-Hoc|iPhoneSimulator.Deploy.0 = Ad-Hoc|iPhoneSimulator
		{C92267AE-7047-4861-8CF5-46296CB26802}.AppStore|Any CPU.ActiveCfg = AppStore|iPhone
		{C92267AE-7047-4861-8CF5-46296CB26802}.AppStore|Any CPU.Build.0 = AppStore|iPhone
		{C92267AE-7047-4861-8CF5-46296CB26802}.AppStore|Any CPU.Deploy.0 = AppStore|iPhone
		{C92267AE-7047-4861-8CF5-46296CB26802}.AppStore|iPhone.ActiveCfg = AppStore|iPhone
		{C92267AE-7047-4861-8CF5-46296CB26802}.AppStore|iPhone.Build.0 = AppStore|iPhone
		{C92267AE-7047-4861-8CF5-46296CB26802}.AppStore|iPhone.Deploy.0 = AppStore|iPhone
		{C92267AE-7047-4861-8CF5-46296CB26802}.AppStore|iPhoneSimulator.ActiveCfg = AppStore|iPhoneSimulator
		{C92267AE-7047-4861-8CF5-46296CB26802}.AppStore|iPhoneSimulator.Build.0 = AppStore|iPhoneSimulator
		{C92267AE-7047-4861-8CF5-46296CB26802}.AppStore|iPhoneSimulator.Deploy.0 = AppStore|iPhoneSimulator
		{C92267AE-7047-4861-8CF5-46296CB26802}.Debug|Any CPU.ActiveCfg = Debug|iPhoneSimulator
		{C92267AE-7047-4861-8CF5-46296CB26802}.Debug|Any CPU.Build.0 = Debug|iPhoneSimulator
		{C92267AE-7047-4861-8CF5-46296CB26802}.Debug|Any CPU.Deploy.0 = Debug|iPhoneSimulator
		{C92267AE-7047-4861-8CF5-46296CB26802}.Debug|iPhone.ActiveCfg = Debug|iPhone
		{C92267AE-7047-4861-8CF5-46296CB26802}.Debug|iPhone.Build.0 = Debug|iPhone
		{C92267AE-7047-4861-8CF5-46296CB26802}.Debug|iPhone.Deploy.0 = Debug|iPhone
		{C92267AE-7047-4861-8CF5-46296CB26802}.Debug|iPhoneSimulator.ActiveCfg = Debug|iPhoneSimulator
		{C92267AE-7047-4861-8CF5-46296CB26802}.Debug|iPhoneSimulator.Build.0 = Debug|iPhoneSimulator
		{C92267AE-7047-4861-8CF5-46296CB26802}.Debug|iPhoneSimulator.Deploy.0 = Debug|iPhoneSimulator
		{C92267AE-7047-4861-8CF5-46296CB26802}.Release|Any CPU.ActiveCfg = Release|iPhone
		{C92267AE-7047-4861-8CF5-46296CB26802}.Release|Any CPU.Build.0 = Release|iPhone
		{C92267AE-7047-4861-8CF5-46296CB26802}.Release|Any CPU.Deploy.0 = Release|iPhone
		{C92267AE-7047-4861-8CF5-46296CB26802}.Release|iPhone.ActiveCfg = Release|iPhone
		{C92267AE-7047-4861-8CF5-46296CB26802}.Release|iPhone.Build.0 = Release|iPhone
		{C92267AE-7047-4861-8CF5-46296CB26802}.Release|iPhone.Deploy.0 = Release|iPhone
		{C92267AE-7047-4861-8CF5-46296CB26802}.Release|iPhoneSimulator.ActiveCfg = Release|iPhoneSimulator
		{C92267AE-7047-4861-8CF5-46296CB26802}.Release|iPhoneSimulator.Build.0 = Release|iPhoneSimulator
		{C92267AE-7047-4861-8CF5-46296CB26802}.Release|iPhoneSimulator.Deploy.0 = Release|iPhoneSimulator
		{1B78113F-A880-496F-84CA-B355E86DE890}.Ad-Hoc|Any CPU.ActiveCfg = Debug|Any CPU
		{1B78113F-A880-496F-84CA-B355E86DE890}.Ad-Hoc|Any CPU.Build.0 = Debug|Any CPU
		{1B78113F-A880-496F-84CA-B355E86DE890}.Ad-Hoc|Any CPU.Deploy.0 = Debug|Any CPU
		{1B78113F-A880-496F-84CA-B355E86DE890}.Ad-Hoc|iPhone.ActiveCfg = Debug|Any CPU
		{1B78113F-A880-496F-84CA-B355E86DE890}.Ad-Hoc|iPhone.Build.0 = Debug|Any CPU
		{1B78113F-A880-496F-84CA-B355E86DE890}.Ad-Hoc|iPhone.Deploy.0 = Debug|Any CPU
		{1B78113F-A880-496F-84CA-B355E86DE890}.Ad-Hoc|iPhoneSimulator.ActiveCfg = Debug|Any CPU
		{1B78113F-A880-496F-84CA-B355E86DE890}.Ad-Hoc|iPhoneSimulator.Build.0 = Debug|Any CPU
		{1B78113F-A880-496F-84CA-B355E86DE890}.Ad-Hoc|iPhoneSimulator.Deploy.0 = Debug|Any CPU
		{1B78113F-A880-496F-84CA-B355E86DE890}.AppStore|Any CPU.ActiveCfg = Debug|Any CPU
		{1B78113F-A880-496F-84CA-B355E86DE890}.AppStore|Any CPU.Build.0 = Debug|Any CPU
		{1B78113F-A880-496F-84CA-B355E86DE890}.AppStore|Any CPU.Deploy.0 = Debug|Any CPU
		{1B78113F-A880-496F-84CA-B355E86DE890}.AppStore|iPhone.ActiveCfg = Debug|Any CPU
		{1B78113F-A880-496F-84CA-B355E86DE890}.AppStore|iPhone.Build.0 = Debug|Any CPU
		{1B78113F-A880-496F-84CA-B355E86DE890}.AppStore|iPhone.Deploy.0 = Debug|Any CPU
		{1B78113F-A880-496F-84CA-B355E86DE890}.AppStore|iPhoneSimulator.ActiveCfg = Debug|Any CPU
		{1B78113F-A880-496F-84CA-B355E86DE890}.AppStore|iPhoneSimulator.Build.0 = Debug|Any CPU
		{1B78113F-A880-496F-84CA-B355E86DE890}.AppStore|iPhoneSimulator.Deploy.0 = Debug|Any CPU
		{1B78113F-A880-496F-84CA-B355E86DE890}.Debug|Any CPU.ActiveCfg = Debug|Any CPU
		{1B78113F-A880-496F-84CA-B355E86DE890}.Debug|Any CPU.Build.0 = Debug|Any CPU
		{1B78113F-A880-496F-84CA-B355E86DE890}.Debug|Any CPU.Deploy.0 = Debug|Any CPU
		{1B78113F-A880-496F-84CA-B355E86DE890}.Debug|iPhone.ActiveCfg = Debug|Any CPU
		{1B78113F-A880-496F-84CA-B355E86DE890}.Debug|iPhone.Build.0 = Debug|Any CPU
		{1B78113F-A880-496F-84CA-B355E86DE890}.Debug|iPhone.Deploy.0 = Debug|Any CPU
		{1B78113F-A880-496F-84CA-B355E86DE890}.Debug|iPhoneSimulator.ActiveCfg = Debug|Any CPU
		{1B78113F-A880-496F-84CA-B355E86DE890}.Debug|iPhoneSimulator.Build.0 = Debug|Any CPU
		{1B78113F-A880-496F-84CA-B355E86DE890}.Debug|iPhoneSimulator.Deploy.0 = Debug|Any CPU
		{1B78113F-A880-496F-84CA-B355E86DE890}.Release|Any CPU.ActiveCfg = Release|Any CPU
		{1B78113F-A880-496F-84CA-B355E86DE890}.Release|Any CPU.Build.0 = Release|Any CPU
		{1B78113F-A880-496F-84CA-B355E86DE890}.Release|Any CPU.Deploy.0 = Release|Any CPU
		{1B78113F-A880-496F-84CA-B355E86DE890}.Release|iPhone.ActiveCfg = Release|Any CPU
		{1B78113F-A880-496F-84CA-B355E86DE890}.Release|iPhone.Build.0 = Release|Any CPU
		{1B78113F-A880-496F-84CA-B355E86DE890}.Release|iPhone.Deploy.0 = Release|Any CPU
		{1B78113F-A880-496F-84CA-B355E86DE890}.Release|iPhoneSimulator.ActiveCfg = Release|Any CPU
		{1B78113F-A880-496F-84CA-B355E86DE890}.Release|iPhoneSimulator.Build.0 = Release|Any CPU
		{1B78113F-A880-496F-84CA-B355E86DE890}.Release|iPhoneSimulator.Deploy.0 = Release|Any CPU
	EndGlobalSection
	GlobalSection(SolutionProperties) = preSolution
		HideSolutionNode = FALSE
	EndGlobalSection
	GlobalSection(ExtensibilityGlobals) = postSolution
		SolutionGuid = {DAE6C9C3-1596-4F53-B9E8-6D16734959FA}
	EndGlobalSection
EndGlobal
